
Microsoft Visual Studio Solution File, Format Version 12.00
# Visual Studio Version 17
VisualStudioVersion = 17.2.32516.85
MinimumVisualStudioVersion = 10.0.40219.1
Project("{FAE04EC0-301F-11D3-BF4B-00C04F79EFBC}") = "ChatApp", "ChatApp\ChatApp.csproj", "{1C5EAD52-DCB1-4F1D-971A-77F5BA4F891D}"
EndProject
Global
	GlobalSection(SolutionConfigurationPlatforms) = preSolution
		Debug|Any CPU = Debug|Any CPU
		Release|Any CPU = Release|Any CPU
	EndGlobalSection
	GlobalSection(ProjectConfigurationPlatforms) = postSolution
		{1C5EAD52-DCB1-4F1D-971A-77F5BA4F891D}.Debug|Any CPU.ActiveCfg = Debug|Any CPU
		{1C5EAD52-DCB1-4F1D-971A-77F5BA4F891D}.Debug|Any CPU.Build.0 = Debug|Any CPU
		{1C5EAD52-DCB1-4F1D-971A-77F5BA4F891D}.Release|Any CPU.ActiveCfg = Release|Any CPU
		{1C5EAD52-DCB1-4F1D-971A-77F5BA4F891D}.Release|Any CPU.Build.0 = Release|Any CPU
	EndGlobalSection
	GlobalSection(SolutionProperties) = preSolution
		HideSolutionNode = FALSE
	EndGlobalSection
	GlobalSection(ExtensibilityGlobals) = postSolution
		SolutionGuid = {E669E402-DD09-4EFE-A525-8FAA0EF93AFD}
	EndGlobalSection
EndGlobal
